{
  "lockfileVersion": 1,
  "workspaces": {
    "": {
      "dependencies": {
        "@tabler/icons-react": "^3.33.0",
      },
    },
  },
  "packages": {
    "@tabler/icons": ["@tabler/icons@3.34.0", "", {}, "sha512-jtVqv0JC1WU2TTEBN32D9+R6mc1iEBuPwLnBsWaR02SIEciu9aq5806AWkCHuObhQ4ERhhXErLEK7Fs+tEZxiA=="],

    "@tabler/icons-react": ["@tabler/icons-react@3.34.0", "", { "dependencies": { "@tabler/icons": "3.34.0" }, "peerDependencies": { "react": ">= 16" } }, "sha512-OpEIR2iZsIXECtAIMbn1zfKfQ3zKJjXyIZlkgOGUL9UkMCFycEiF2Y8AVfEQsyre/3FnBdlWJvGr0NU47n2TbQ=="],

    "react": ["react@19.1.0", "", {}, "sha512-FS+XFBNvn3GTAWq26joslQgWNoFu08F4kl0J4CgdNKADkdSGXQyTCnKteIAJy96Br6YbpEU1LSzV5dYtjMkMDg=="],
  }
}
