{
  "lockfileVersion": 1,
  "workspaces": {
    "": {
      "dependencies": {
        "@tabler/icons-react": "^3.33.0",
      },
    },
  },
  "packages": {
    "@tabler/icons": ["@tabler/icons@3.33.0", "", {}, "sha512-NZeFfzcYe7xcBHR3zKoCSrw/cFWvfj6LjenPQ48yVMTGdX854HH9nH44ZfMH8rrDzHBllfjwl4CIX6Vh2tyN0Q=="],

    "@tabler/icons-react": ["@tabler/icons-react@3.33.0", "", { "dependencies": { "@tabler/icons": "3.33.0" }, "peerDependencies": { "react": ">= 16" } }, "sha512-ay+HDecCjmFl25Lg14hcl59ffSjnOcgfrlV14shu8Qjbz+Xh4LRus93DuoyLQte8YSxE7Pe5gnEz6OF0GtwNtw=="],

    "react": ["react@19.1.0", "", {}, "sha512-FS+XFBNvn3GTAWq26joslQgWNoFu08F4kl0J4CgdNKADkdSGXQyTCnKteIAJy96Br6YbpEU1LSzV5dYtjMkMDg=="],
  }
}
